
Microsoft Visual Studio Solution File, Format Version 12.00
# Visual Studio Version 16
VisualStudioVersion = 16.0.31105.61
MinimumVisualStudioVersion = 10.0.40219.1
Project("{FAE04EC0-301F-11D3-BF4B-00C04F79EFBC}") = "HelloWinform", "HelloWinform\HelloWinform.csproj", "{39D91E41-8589-4C72-8BB8-708554249E73}"
EndProject
Global
	GlobalSection(SolutionConfigurationPlatforms) = preSolution
		Debug|Any CPU = Debug|Any CPU
		Release|Any CPU = Release|Any CPU
	EndGlobalSection
	GlobalSection(ProjectConfigurationPlatforms) = postSolution
		{39D91E41-8589-4C72-8BB8-708554249E73}.Debug|Any CPU.ActiveCfg = Debug|Any CPU
		{39D91E41-8589-4C72-8BB8-708554249E73}.Debug|Any CPU.Build.0 = Debug|Any CPU
		{39D91E41-8589-4C72-8BB8-708554249E73}.Release|Any CPU.ActiveCfg = Release|Any CPU
		{39D91E41-8589-4C72-8BB8-708554249E73}.Release|Any CPU.Build.0 = Release|Any CPU
	EndGlobalSection
	GlobalSection(SolutionProperties) = preSolution
		HideSolutionNode = FALSE
	EndGlobalSection
	GlobalSection(ExtensibilityGlobals) = postSolution
		SolutionGuid = {2B27A243-68D2-41A8-B2ED-65A11CB0DE48}
	EndGlobalSection
EndGlobal
